github.com/Azure/azure-sdk-for-go v68.0.0+incompatible h1:fcYLmCpyNYRnvJbPerq7U0hS+6+I79yEDJBqVNcqUzU=
github.com/Azure/azure-sdk-for-go v68.0.0+incompatible/go.mod h1:9XXNKU+eRnpl9moKnB4QOLf1HestfXbmab5FXxiDBjc=
github.com/Azure/azure-sdk-for-go/sdk/ai/azopenai v0.5.1/go.mod h1:pzGC8ZUnOtOCnyXHTBkj0+BjgFUsnWcqyI3FjvpnQU8=
github.com/Azure/azure-sdk-for-go/sdk/azcore v1.9.2/go.mod h1:5FDJtLEO/GxwNgUxbwrY3LP0pEoThTQJtk2oysdXHxM=
github.com/Azure/azure-sdk-for-go/sdk/internal v1.5.2/go.mod h1:yInRyqWXAuaPrgI7p70+lDDgh3mlBohis29jGMISnmc=
github.com/tmc/langchaingo v0.1.10 h1:+cssnyaY1avZwzdDFvJYlVUsch9oFRgoqw3Avk5Zig4=
github.com/tmc/langchaingo v0.1.10/go.mod h1:lPKUIu8ZGI7RAksRFtKbgtS2v3LL0j7LcccHPCvgNfY=
